
Microsoft Visual Studio Solution File, Format Version 12.00
# Visual Studio Version 16
VisualStudioVersion = 16.0.31129.286
MinimumVisualStudioVersion = 10.0.40219.1
Project("{9A19103F-16F7-4668-BE54-9A1E7A4F7556}") = "Restaurator", "Restaurator\Restaurator.csproj", "{EEBC2E5E-25FA-4BB8-91E8-6AF5BD683FA7}"
EndProject
Project("{FAE04EC0-301F-11D3-BF4B-00C04F79EFBC}") = "Restaurator.DataAccess", "Restaurator.DataAccess\Restaurator.DataAccess.csproj", "{BA34772F-FCDE-4887-87E5-8E53BE5992BE}"
EndProject
Global
	GlobalSection(SolutionConfigurationPlatforms) = preSolution
		Debug|Any CPU = Debug|Any CPU
		Release|Any CPU = Release|Any CPU
	EndGlobalSection
	GlobalSection(ProjectConfigurationPlatforms) = postSolution
		{EEBC2E5E-25FA-4BB8-91E8-6AF5BD683FA7}.Debug|Any CPU.ActiveCfg = Debug|Any CPU
		{EEBC2E5E-25FA-4BB8-91E8-6AF5BD683FA7}.Debug|Any CPU.Build.0 = Debug|Any CPU
		{EEBC2E5E-25FA-4BB8-91E8-6AF5BD683FA7}.Release|Any CPU.ActiveCfg = Release|Any CPU
		{EEBC2E5E-25FA-4BB8-91E8-6AF5BD683FA7}.Release|Any CPU.Build.0 = Release|Any CPU
		{BA34772F-FCDE-4887-87E5-8E53BE5992BE}.Debug|Any CPU.ActiveCfg = Debug|Any CPU
		{BA34772F-FCDE-4887-87E5-8E53BE5992BE}.Debug|Any CPU.Build.0 = Debug|Any CPU
		{BA34772F-FCDE-4887-87E5-8E53BE5992BE}.Release|Any CPU.ActiveCfg = Release|Any CPU
		{BA34772F-FCDE-4887-87E5-8E53BE5992BE}.Release|Any CPU.Build.0 = Release|Any CPU
	EndGlobalSection
	GlobalSection(SolutionProperties) = preSolution
		HideSolutionNode = FALSE
	EndGlobalSection
	GlobalSection(ExtensibilityGlobals) = postSolution
		SolutionGuid = {558367B3-816E-40CD-BAEE-E6180097EEBE}
	EndGlobalSection
EndGlobal
